
Microsoft Visual Studio Solution File, Format Version 12.00
# Visual Studio 14
VisualStudioVersion = 14.0.25420.1
MinimumVisualStudioVersion = 10.0.40219.1
Project("{FAE04EC0-301F-11D3-BF4B-00C04F79EFBC}") = "ConsoleApplication", "ConsoleApplication\ConsoleApplication.csproj", "{D63E581B-89BB-46B4-907F-299DF5395355}"
EndProject
Project("{2150E333-8FDC-42A3-9474-1A3956D46DE8}") = "MVC+EF", "MVC+EF", "{4391A5F7-C846-4623-BDBA-60D2B1B85FED}"
EndProject
Project("{2150E333-8FDC-42A3-9474-1A3956D46DE8}") = "Common", "Common", "{4DDB8689-967E-4ED5-8CD5-8A15EAA37D39}"
EndProject
Project("{FAE04EC0-301F-11D3-BF4B-00C04F79EFBC}") = "MvcProject", "MvcProject\MvcProject.csproj", "{F8B6FC53-F4E0-443C-81DA-CFB81EF83717}"
EndProject
Project("{FAE04EC0-301F-11D3-BF4B-00C04F79EFBC}") = "Haven.Model", "Haven.Model\Haven.Model.csproj", "{2479C656-2F8D-4017-BABC-1EA40F2EB01D}"
EndProject
Global
	GlobalSection(SolutionConfigurationPlatforms) = preSolution
		Debug|Any CPU = Debug|Any CPU
		Release|Any CPU = Release|Any CPU
	EndGlobalSection
	GlobalSection(ProjectConfigurationPlatforms) = postSolution
		{D63E581B-89BB-46B4-907F-299DF5395355}.Debug|Any CPU.ActiveCfg = Debug|Any CPU
		{D63E581B-89BB-46B4-907F-299DF5395355}.Debug|Any CPU.Build.0 = Debug|Any CPU
		{D63E581B-89BB-46B4-907F-299DF5395355}.Release|Any CPU.ActiveCfg = Release|Any CPU
		{D63E581B-89BB-46B4-907F-299DF5395355}.Release|Any CPU.Build.0 = Release|Any CPU
		{F8B6FC53-F4E0-443C-81DA-CFB81EF83717}.Debug|Any CPU.ActiveCfg = Debug|Any CPU
		{F8B6FC53-F4E0-443C-81DA-CFB81EF83717}.Debug|Any CPU.Build.0 = Debug|Any CPU
		{F8B6FC53-F4E0-443C-81DA-CFB81EF83717}.Release|Any CPU.ActiveCfg = Release|Any CPU
		{F8B6FC53-F4E0-443C-81DA-CFB81EF83717}.Release|Any CPU.Build.0 = Release|Any CPU
		{2479C656-2F8D-4017-BABC-1EA40F2EB01D}.Debug|Any CPU.ActiveCfg = Debug|Any CPU
		{2479C656-2F8D-4017-BABC-1EA40F2EB01D}.Debug|Any CPU.Build.0 = Debug|Any CPU
		{2479C656-2F8D-4017-BABC-1EA40F2EB01D}.Release|Any CPU.ActiveCfg = Release|Any CPU
		{2479C656-2F8D-4017-BABC-1EA40F2EB01D}.Release|Any CPU.Build.0 = Release|Any CPU
	EndGlobalSection
	GlobalSection(SolutionProperties) = preSolution
		HideSolutionNode = FALSE
	EndGlobalSection
	GlobalSection(NestedProjects) = preSolution
		{F8B6FC53-F4E0-443C-81DA-CFB81EF83717} = {4391A5F7-C846-4623-BDBA-60D2B1B85FED}
		{2479C656-2F8D-4017-BABC-1EA40F2EB01D} = {4391A5F7-C846-4623-BDBA-60D2B1B85FED}
	EndGlobalSection
EndGlobal
